
Microsoft Visual Studio Solution File, Format Version 12.00
# Visual Studio Version 16
VisualStudioVersion = 16.0.32802.440
MinimumVisualStudioVersion = 10.0.40219.1
Project("{FAE04EC0-301F-11D3-BF4B-00C04F79EFBC}") = "Huyy", "Huyy\Huyy.csproj", "{BD299482-EF13-41B8-BB0A-CCA6ABD0992D}"
EndProject
Global
	GlobalSection(SolutionConfigurationPlatforms) = preSolution
		Debug|Any CPU = Debug|Any CPU
		Release|Any CPU = Release|Any CPU
	EndGlobalSection
	GlobalSection(ProjectConfigurationPlatforms) = postSolution
		{BD299482-EF13-41B8-BB0A-CCA6ABD0992D}.Debug|Any CPU.ActiveCfg = Debug|Any CPU
		{BD299482-EF13-41B8-BB0A-CCA6ABD0992D}.Debug|Any CPU.Build.0 = Debug|Any CPU
		{BD299482-EF13-41B8-BB0A-CCA6ABD0992D}.Release|Any CPU.ActiveCfg = Release|Any CPU
		{BD299482-EF13-41B8-BB0A-CCA6ABD0992D}.Release|Any CPU.Build.0 = Release|Any CPU
	EndGlobalSection
	GlobalSection(SolutionProperties) = preSolution
		HideSolutionNode = FALSE
	EndGlobalSection
	GlobalSection(ExtensibilityGlobals) = postSolution
		SolutionGuid = {73EA0882-894B-4827-955D-3064026711DC}
	EndGlobalSection
EndGlobal
